
Microsoft Visual Studio Solution File, Format Version 12.00
# Visual Studio Version 16
VisualStudioVersion = 16.0.30804.86
MinimumVisualStudioVersion = 10.0.40219.1
Project("{FAE04EC0-301F-11D3-BF4B-00C04F79EFBC}") = "ImageEXIFScanner", "ImageEXIFScanner\ImageEXIFScanner.csproj", "{3BF2C838-9B05-4BB2-AD89-007D14BB2F9C}"
EndProject
Global
	GlobalSection(SolutionConfigurationPlatforms) = preSolution
		Debug|Any CPU = Debug|Any CPU
		Release|Any CPU = Release|Any CPU
	EndGlobalSection
	GlobalSection(ProjectConfigurationPlatforms) = postSolution
		{3BF2C838-9B05-4BB2-AD89-007D14BB2F9C}.Debug|Any CPU.ActiveCfg = Debug|Any CPU
		{3BF2C838-9B05-4BB2-AD89-007D14BB2F9C}.Debug|Any CPU.Build.0 = Debug|Any CPU
		{3BF2C838-9B05-4BB2-AD89-007D14BB2F9C}.Release|Any CPU.ActiveCfg = Release|Any CPU
		{3BF2C838-9B05-4BB2-AD89-007D14BB2F9C}.Release|Any CPU.Build.0 = Release|Any CPU
	EndGlobalSection
	GlobalSection(SolutionProperties) = preSolution
		HideSolutionNode = FALSE
	EndGlobalSection
	GlobalSection(ExtensibilityGlobals) = postSolution
		SolutionGuid = {F8586970-2FA1-4C1C-8692-72899F30EC3C}
	EndGlobalSection
EndGlobal
