
Microsoft Visual Studio Solution File, Format Version 12.00
# Visual Studio Version 16
VisualStudioVersion = 16.0.32002.261
MinimumVisualStudioVersion = 10.0.40219.1
Project("{FAE04EC0-301F-11D3-BF4B-00C04F79EFBC}") = "Quiksynk.Components.Core.SimpleRepo", "SimpleRepo\Quiksynk.Components.Core.SimpleRepo.csproj", "{5883E1C3-E6A0-450A-8DB4-5EB8BFF05877}"
EndProject
Project("{FAE04EC0-301F-11D3-BF4B-00C04F79EFBC}") = "Quiksynk.Components.Core.Extensions", "Quiksynk.Components.Core.Extensions\Quiksynk.Components.Core.Extensions.csproj", "{D2A08125-5F1F-4FEB-AC5C-6C10D93CDBCE}"
EndProject
Global
	GlobalSection(SolutionConfigurationPlatforms) = preSolution
		Debug|Any CPU = Debug|Any CPU
		Release|Any CPU = Release|Any CPU
	EndGlobalSection
	GlobalSection(ProjectConfigurationPlatforms) = postSolution
		{5883E1C3-E6A0-450A-8DB4-5EB8BFF05877}.Debug|Any CPU.ActiveCfg = Debug|Any CPU
		{5883E1C3-E6A0-450A-8DB4-5EB8BFF05877}.Debug|Any CPU.Build.0 = Debug|Any CPU
		{5883E1C3-E6A0-450A-8DB4-5EB8BFF05877}.Release|Any CPU.ActiveCfg = Release|Any CPU
		{5883E1C3-E6A0-450A-8DB4-5EB8BFF05877}.Release|Any CPU.Build.0 = Release|Any CPU
		{D2A08125-5F1F-4FEB-AC5C-6C10D93CDBCE}.Debug|Any CPU.ActiveCfg = Debug|Any CPU
		{D2A08125-5F1F-4FEB-AC5C-6C10D93CDBCE}.Debug|Any CPU.Build.0 = Debug|Any CPU
		{D2A08125-5F1F-4FEB-AC5C-6C10D93CDBCE}.Release|Any CPU.ActiveCfg = Release|Any CPU
		{D2A08125-5F1F-4FEB-AC5C-6C10D93CDBCE}.Release|Any CPU.Build.0 = Release|Any CPU
	EndGlobalSection
	GlobalSection(SolutionProperties) = preSolution
		HideSolutionNode = FALSE
	EndGlobalSection
	GlobalSection(ExtensibilityGlobals) = postSolution
		SolutionGuid = {7DCDBFBD-DA25-4D32-8606-C7CFE9A2BC19}
	EndGlobalSection
EndGlobal
